
Microsoft Visual Studio Solution File, Format Version 12.00
# Visual Studio Version 16
VisualStudioVersion = 16.0.30907.101
MinimumVisualStudioVersion = 10.0.40219.1
Project("{9A19103F-16F7-4668-BE54-9A1E7A4F7556}") = "AppServiceNet5", "AppServiceNet5.csproj", "{87B0AEB8-0851-4941-9329-4DF9D8FA35C4}"
EndProject
Global
	GlobalSection(SolutionConfigurationPlatforms) = preSolution
		Debug|Any CPU = Debug|Any CPU
		Release|Any CPU = Release|Any CPU
	EndGlobalSection
	GlobalSection(ProjectConfigurationPlatforms) = postSolution
		{87B0AEB8-0851-4941-9329-4DF9D8FA35C4}.Debug|Any CPU.ActiveCfg = Debug|Any CPU
		{87B0AEB8-0851-4941-9329-4DF9D8FA35C4}.Debug|Any CPU.Build.0 = Debug|Any CPU
		{87B0AEB8-0851-4941-9329-4DF9D8FA35C4}.Release|Any CPU.ActiveCfg = Release|Any CPU
		{87B0AEB8-0851-4941-9329-4DF9D8FA35C4}.Release|Any CPU.Build.0 = Release|Any CPU
	EndGlobalSection
	GlobalSection(SolutionProperties) = preSolution
		HideSolutionNode = FALSE
	EndGlobalSection
	GlobalSection(ExtensibilityGlobals) = postSolution
		SolutionGuid = {1DF7076B-B7E3-450F-8E95-88DB130A7487}
	EndGlobalSection
EndGlobal
